# THIS IS AN AUTOGENERATED FILE. DO NOT EDIT THIS FILE DIRECTLY.
# yarn lockfile v1


"ffmpeg-static-electron@^2.0.3":
  "integrity" "sha512-VGix5A0LTM6RHgwkFvL5x+c5m4WfacBFeuw7Twq1gVrYRgLHOVpawOmydmWbrRz58LVO7ao00P2EDjb7ZmE5rg=="
  "resolved" "https://registry.npmjs.org/ffmpeg-static-electron/-/ffmpeg-static-electron-2.0.3.tgz"
  "version" "2.0.3"
